
Microsoft Visual Studio Solution File, Format Version 12.00
# Visual Studio Version 16
VisualStudioVersion = 16.0.31005.135
MinimumVisualStudioVersion = 10.0.40219.1
Project("{FAE04EC0-301F-11D3-BF4B-00C04F79EFBC}") = "ZootCoin", "ZootCoin.csproj", "{C2181CD8-FC69-4CCF-9EF0-47F648544DFD}"
EndProject
Global
	GlobalSection(SolutionConfigurationPlatforms) = preSolution
		Debug|Any CPU = Debug|Any CPU
		Release|Any CPU = Release|Any CPU
	EndGlobalSection
	GlobalSection(ProjectConfigurationPlatforms) = postSolution
		{C2181CD8-FC69-4CCF-9EF0-47F648544DFD}.Debug|Any CPU.ActiveCfg = Debug|Any CPU
		{C2181CD8-FC69-4CCF-9EF0-47F648544DFD}.Debug|Any CPU.Build.0 = Debug|Any CPU
		{C2181CD8-FC69-4CCF-9EF0-47F648544DFD}.Release|Any CPU.ActiveCfg = Release|Any CPU
		{C2181CD8-FC69-4CCF-9EF0-47F648544DFD}.Release|Any CPU.Build.0 = Release|Any CPU
	EndGlobalSection
	GlobalSection(SolutionProperties) = preSolution
		HideSolutionNode = FALSE
	EndGlobalSection
	GlobalSection(ExtensibilityGlobals) = postSolution
		SolutionGuid = {C22645E0-9047-4654-B5B6-3BCA1DE69295}
	EndGlobalSection
EndGlobal
